
Microsoft Visual Studio Solution File, Format Version 12.00
# Visual Studio 2013
VisualStudioVersion = 12.0.40629.0
MinimumVisualStudioVersion = 10.0.40219.1
Project("{FAE04EC0-301F-11D3-BF4B-00C04F79EFBC}") = "1.ReformatCode", "1.ReformatCode\1.ReformatCode.csproj", "{5CB356C4-5961-4A44-ACC4-9308811973CC}"
EndProject
Project("{FAE04EC0-301F-11D3-BF4B-00C04F79EFBC}") = "2.ReformatYourOwnCode", "2.ReformatYourOwnCode\2.ReformatYourOwnCode.csproj", "{2374D82B-F4E8-41E5-B12B-FA455E310F34}"
EndProject
Global
	GlobalSection(SolutionConfigurationPlatforms) = preSolution
		Debug|Any CPU = Debug|Any CPU
		Release|Any CPU = Release|Any CPU
	EndGlobalSection
	GlobalSection(ProjectConfigurationPlatforms) = postSolution
		{5CB356C4-5961-4A44-ACC4-9308811973CC}.Debug|Any CPU.ActiveCfg = Debug|Any CPU
		{5CB356C4-5961-4A44-ACC4-9308811973CC}.Debug|Any CPU.Build.0 = Debug|Any CPU
		{5CB356C4-5961-4A44-ACC4-9308811973CC}.Release|Any CPU.ActiveCfg = Release|Any CPU
		{5CB356C4-5961-4A44-ACC4-9308811973CC}.Release|Any CPU.Build.0 = Release|Any CPU
		{2374D82B-F4E8-41E5-B12B-FA455E310F34}.Debug|Any CPU.ActiveCfg = Debug|Any CPU
		{2374D82B-F4E8-41E5-B12B-FA455E310F34}.Debug|Any CPU.Build.0 = Debug|Any CPU
		{2374D82B-F4E8-41E5-B12B-FA455E310F34}.Release|Any CPU.ActiveCfg = Release|Any CPU
		{2374D82B-F4E8-41E5-B12B-FA455E310F34}.Release|Any CPU.Build.0 = Release|Any CPU
	EndGlobalSection
	GlobalSection(SolutionProperties) = preSolution
		HideSolutionNode = FALSE
	EndGlobalSection
EndGlobal
